
Microsoft Visual Studio Solution File, Format Version 12.00
# Visual Studio Version 16
VisualStudioVersion = 16.0.30621.155
MinimumVisualStudioVersion = 10.0.40219.1
Project("{FAE04EC0-301F-11D3-BF4B-00C04F79EFBC}") = "Hackathon 2020", "Hackathon 2020.csproj", "{A2B46138-C0BA-4D6B-875B-E51426CF8A6E}"
EndProject
Global
	GlobalSection(SolutionConfigurationPlatforms) = preSolution
		Debug|Any CPU = Debug|Any CPU
		Release|Any CPU = Release|Any CPU
	EndGlobalSection
	GlobalSection(ProjectConfigurationPlatforms) = postSolution
		{A2B46138-C0BA-4D6B-875B-E51426CF8A6E}.Debug|Any CPU.ActiveCfg = Debug|Any CPU
		{A2B46138-C0BA-4D6B-875B-E51426CF8A6E}.Debug|Any CPU.Build.0 = Debug|Any CPU
		{A2B46138-C0BA-4D6B-875B-E51426CF8A6E}.Release|Any CPU.ActiveCfg = Release|Any CPU
		{A2B46138-C0BA-4D6B-875B-E51426CF8A6E}.Release|Any CPU.Build.0 = Release|Any CPU
	EndGlobalSection
	GlobalSection(SolutionProperties) = preSolution
		HideSolutionNode = FALSE
	EndGlobalSection
	GlobalSection(ExtensibilityGlobals) = postSolution
		SolutionGuid = {D9E9A56A-01F5-4732-95CC-26C14650C5EC}
	EndGlobalSection
EndGlobal
